
Microsoft Visual Studio Solution File, Format Version 12.00
# Visual Studio Version 16
VisualStudioVersion = 16.0.32002.261
MinimumVisualStudioVersion = 10.0.40219.1
Project("{FAE04EC0-301F-11D3-BF4B-00C04F79EFBC}") = "ConsoleApp4", "ConsoleApp4\ConsoleApp4.csproj", "{77126C8D-8BCC-4B0A-A971-006E6262FB34}"
EndProject
Global
	GlobalSection(SolutionConfigurationPlatforms) = preSolution
		Debug|Any CPU = Debug|Any CPU
		Release|Any CPU = Release|Any CPU
	EndGlobalSection
	GlobalSection(ProjectConfigurationPlatforms) = postSolution
		{77126C8D-8BCC-4B0A-A971-006E6262FB34}.Debug|Any CPU.ActiveCfg = Debug|Any CPU
		{77126C8D-8BCC-4B0A-A971-006E6262FB34}.Debug|Any CPU.Build.0 = Debug|Any CPU
		{77126C8D-8BCC-4B0A-A971-006E6262FB34}.Release|Any CPU.ActiveCfg = Release|Any CPU
		{77126C8D-8BCC-4B0A-A971-006E6262FB34}.Release|Any CPU.Build.0 = Release|Any CPU
	EndGlobalSection
	GlobalSection(SolutionProperties) = preSolution
		HideSolutionNode = FALSE
	EndGlobalSection
	GlobalSection(ExtensibilityGlobals) = postSolution
		SolutionGuid = {10EA5A20-BE25-4E92-9239-3C779AFACEB0}
	EndGlobalSection
EndGlobal
